
Microsoft Visual Studio Solution File, Format Version 12.00
# Visual Studio 2015
Project("{FAE04EC0-301F-11D3-BF4B-00C04F79EFBC}") = "飞行模拟", "飞行模拟.csproj", "{FF269DBF-5546-841A-DA6D-983D608C5BD5}"
EndProject
Global
	GlobalSection(SolutionConfigurationPlatforms) = preSolution
		Debug|Any CPU = Debug|Any CPU
		Release|Any CPU = Release|Any CPU
	EndGlobalSection
	GlobalSection(ProjectConfigurationPlatforms) = postSolution
		{FF269DBF-5546-841A-DA6D-983D608C5BD5}.Debug|Any CPU.ActiveCfg = Debug|Any CPU
		{FF269DBF-5546-841A-DA6D-983D608C5BD5}.Debug|Any CPU.Build.0 = Debug|Any CPU
		{FF269DBF-5546-841A-DA6D-983D608C5BD5}.Release|Any CPU.ActiveCfg = Release|Any CPU
		{FF269DBF-5546-841A-DA6D-983D608C5BD5}.Release|Any CPU.Build.0 = Release|Any CPU
	EndGlobalSection
	GlobalSection(SolutionProperties) = preSolution
		HideSolutionNode = FALSE
	EndGlobalSection
EndGlobal
